
Microsoft Visual Studio Solution File, Format Version 12.00
# Visual Studio 2012
Project("{FAE04EC0-301F-11D3-BF4B-00C04F79EFBC}") = "RecipeViewerXamarinForms", "RecipeViewerXamarinForms\RecipeViewerXamarinForms\RecipeViewerXamarinForms.csproj", "{B6D4F934-A0D5-437D-8274-EB0683B2F461}"
EndProject
Project("{FAE04EC0-301F-11D3-BF4B-00C04F79EFBC}") = "RecipeViewerXamarinForms.iOS", "RecipeViewerXamarinForms\RecipeViewerXamarinForms.iOS\RecipeViewerXamarinForms.iOS.csproj", "{E59F7C15-A5FF-4212-A195-E1B02EB5EDD8}"
EndProject
Project("{FAE04EC0-301F-11D3-BF4B-00C04F79EFBC}") = "RecipeViewerXamarinForms.Droid", "RecipeViewerXamarinForms\RecipeViewerXamarinForms.Droid\RecipeViewerXamarinForms.Droid.csproj", "{07184EAB-95EA-4CEE-B191-DE41F322B2E3}"
EndProject
Project("{FAE04EC0-301F-11D3-BF4B-00C04F79EFBC}") = "RecipeViewerXamarinForms.WinPhone", "RecipeViewerXamarinForms\RecipeViewerXamarinForms.WinPhone\RecipeViewerXamarinForms.WinPhone.csproj", "{38275FE7-2B72-402F-82FD-AE6D9EB17D25}"
EndProject
Project("{FAE04EC0-301F-11D3-BF4B-00C04F79EFBC}") = "RecipeViewerXamarinForms.ORM", "RecipeViewerXamarinForms.ORM\RecipeViewerXamarinForms.ORM.csproj", "{0C844DB7-A047-4997-8863-07A5DE490220}"
EndProject
Global
	GlobalSection(SolutionConfigurationPlatforms) = preSolution
		Ad-Hoc|Any CPU = Ad-Hoc|Any CPU
		Ad-Hoc|ARM = Ad-Hoc|ARM
		Ad-Hoc|iPhone = Ad-Hoc|iPhone
		Ad-Hoc|iPhoneSimulator = Ad-Hoc|iPhoneSimulator
		Ad-Hoc|Mixed Platforms = Ad-Hoc|Mixed Platforms
		Ad-Hoc|x86 = Ad-Hoc|x86
		AppStore|Any CPU = AppStore|Any CPU
		AppStore|ARM = AppStore|ARM
		AppStore|iPhone = AppStore|iPhone
		AppStore|iPhoneSimulator = AppStore|iPhoneSimulator
		AppStore|Mixed Platforms = AppStore|Mixed Platforms
		AppStore|x86 = AppStore|x86
		Debug|Any CPU = Debug|Any CPU
		Debug|ARM = Debug|ARM
		Debug|iPhone = Debug|iPhone
		Debug|iPhoneSimulator = Debug|iPhoneSimulator
		Debug|Mixed Platforms = Debug|Mixed Platforms
		Debug|x86 = Debug|x86
		Release|Any CPU = Release|Any CPU
		Release|ARM = Release|ARM
		Release|iPhone = Release|iPhone
		Release|iPhoneSimulator = Release|iPhoneSimulator
		Release|Mixed Platforms = Release|Mixed Platforms
		Release|x86 = Release|x86
	EndGlobalSection
	GlobalSection(ProjectConfigurationPlatforms) = postSolution
		{07184EAB-95EA-4CEE-B191-DE41F322B2E3}.Ad-Hoc|Any CPU.ActiveCfg = Release|Any CPU
		{07184EAB-95EA-4CEE-B191-DE41F322B2E3}.Ad-Hoc|Any CPU.Build.0 = Release|Any CPU
		{07184EAB-95EA-4CEE-B191-DE41F322B2E3}.Ad-Hoc|Any CPU.Deploy.0 = Release|Any CPU
		{07184EAB-95EA-4CEE-B191-DE41F322B2E3}.Ad-Hoc|ARM.ActiveCfg = Release|Any CPU
		{07184EAB-95EA-4CEE-B191-DE41F322B2E3}.Ad-Hoc|iPhone.ActiveCfg = Release|Any CPU
		{07184EAB-95EA-4CEE-B191-DE41F322B2E3}.Ad-Hoc|iPhoneSimulator.ActiveCfg = Release|Any CPU
		{07184EAB-95EA-4CEE-B191-DE41F322B2E3}.Ad-Hoc|Mixed Platforms.ActiveCfg = Release|Any CPU
		{07184EAB-95EA-4CEE-B191-DE41F322B2E3}.Ad-Hoc|Mixed Platforms.Build.0 = Release|Any CPU
		{07184EAB-95EA-4CEE-B191-DE41F322B2E3}.Ad-Hoc|Mixed Platforms.Deploy.0 = Release|Any CPU
		{07184EAB-95EA-4CEE-B191-DE41F322B2E3}.Ad-Hoc|x86.ActiveCfg = Release|Any CPU
		{07184EAB-95EA-4CEE-B191-DE41F322B2E3}.AppStore|Any CPU.ActiveCfg = Release|Any CPU
		{07184EAB-95EA-4CEE-B191-DE41F322B2E3}.AppStore|Any CPU.Build.0 = Release|Any CPU
		{07184EAB-95EA-4CEE-B191-DE41F322B2E3}.AppStore|Any CPU.Deploy.0 = Release|Any CPU
		{07184EAB-95EA-4CEE-B191-DE41F322B2E3}.AppStore|ARM.ActiveCfg = Release|Any CPU
		{07184EAB-95EA-4CEE-B191-DE41F322B2E3}.AppStore|iPhone.ActiveCfg = Release|Any CPU
		{07184EAB-95EA-4CEE-B191-DE41F322B2E3}.AppStore|iPhoneSimulator.ActiveCfg = Release|Any CPU
		{07184EAB-95EA-4CEE-B191-DE41F322B2E3}.AppStore|Mixed Platforms.ActiveCfg = Release|Any CPU
		{07184EAB-95EA-4CEE-B191-DE41F322B2E3}.AppStore|Mixed Platforms.Build.0 = Release|Any CPU
		{07184EAB-95EA-4CEE-B191-DE41F322B2E3}.AppStore|Mixed Platforms.Deploy.0 = Release|Any CPU
		{07184EAB-95EA-4CEE-B191-DE41F322B2E3}.AppStore|x86.ActiveCfg = Release|Any CPU
		{07184EAB-95EA-4CEE-B191-DE41F322B2E3}.Debug|Any CPU.ActiveCfg = Debug|Any CPU
		{07184EAB-95EA-4CEE-B191-DE41F322B2E3}.Debug|Any CPU.Build.0 = Debug|Any CPU
		{07184EAB-95EA-4CEE-B191-DE41F322B2E3}.Debug|Any CPU.Deploy.0 = Debug|Any CPU
		{07184EAB-95EA-4CEE-B191-DE41F322B2E3}.Debug|ARM.ActiveCfg = Debug|Any CPU
		{07184EAB-95EA-4CEE-B191-DE41F322B2E3}.Debug|iPhone.ActiveCfg = Debug|Any CPU
		{07184EAB-95EA-4CEE-B191-DE41F322B2E3}.Debug|iPhoneSimulator.ActiveCfg = Debug|Any CPU
		{07184EAB-95EA-4CEE-B191-DE41F322B2E3}.Debug|Mixed Platforms.ActiveCfg = Debug|Any CPU
		{07184EAB-95EA-4CEE-B191-DE41F322B2E3}.Debug|Mixed Platforms.Build.0 = Debug|Any CPU
		{07184EAB-95EA-4CEE-B191-DE41F322B2E3}.Debug|Mixed Platforms.Deploy.0 = Debug|Any CPU
		{07184EAB-95EA-4CEE-B191-DE41F322B2E3}.Debug|x86.ActiveCfg = Debug|Any CPU
		{07184EAB-95EA-4CEE-B191-DE41F322B2E3}.Release|Any CPU.ActiveCfg = Release|Any CPU
		{07184EAB-95EA-4CEE-B191-DE41F322B2E3}.Release|Any CPU.Build.0 = Release|Any CPU
		{07184EAB-95EA-4CEE-B191-DE41F322B2E3}.Release|Any CPU.Deploy.0 = Release|Any CPU
		{07184EAB-95EA-4CEE-B191-DE41F322B2E3}.Release|ARM.ActiveCfg = Release|Any CPU
		{07184EAB-95EA-4CEE-B191-DE41F322B2E3}.Release|iPhone.ActiveCfg = Release|Any CPU
		{07184EAB-95EA-4CEE-B191-DE41F322B2E3}.Release|iPhoneSimulator.ActiveCfg = Release|Any CPU
		{07184EAB-95EA-4CEE-B191-DE41F322B2E3}.Release|Mixed Platforms.ActiveCfg = Release|Any CPU
		{07184EAB-95EA-4CEE-B191-DE41F322B2E3}.Release|Mixed Platforms.Build.0 = Release|Any CPU
		{07184EAB-95EA-4CEE-B191-DE41F322B2E3}.Release|Mixed Platforms.Deploy.0 = Release|Any CPU
		{07184EAB-95EA-4CEE-B191-DE41F322B2E3}.Release|x86.ActiveCfg = Release|Any CPU
		{0C844DB7-A047-4997-8863-07A5DE490220}.Ad-Hoc|Any CPU.ActiveCfg = Release|Any CPU
		{0C844DB7-A047-4997-8863-07A5DE490220}.Ad-Hoc|Any CPU.Build.0 = Release|Any CPU
		{0C844DB7-A047-4997-8863-07A5DE490220}.Ad-Hoc|ARM.ActiveCfg = Release|Any CPU
		{0C844DB7-A047-4997-8863-07A5DE490220}.Ad-Hoc|iPhone.ActiveCfg = Release|Any CPU
		{0C844DB7-A047-4997-8863-07A5DE490220}.Ad-Hoc|iPhoneSimulator.ActiveCfg = Release|Any CPU
		{0C844DB7-A047-4997-8863-07A5DE490220}.Ad-Hoc|Mixed Platforms.ActiveCfg = Release|Any CPU
		{0C844DB7-A047-4997-8863-07A5DE490220}.Ad-Hoc|Mixed Platforms.Build.0 = Release|Any CPU
		{0C844DB7-A047-4997-8863-07A5DE490220}.Ad-Hoc|x86.ActiveCfg = Release|Any CPU
		{0C844DB7-A047-4997-8863-07A5DE490220}.AppStore|Any CPU.ActiveCfg = Release|Any CPU
		{0C844DB7-A047-4997-8863-07A5DE490220}.AppStore|Any CPU.Build.0 = Release|Any CPU
		{0C844DB7-A047-4997-8863-07A5DE490220}.AppStore|ARM.ActiveCfg = Release|Any CPU
		{0C844DB7-A047-4997-8863-07A5DE490220}.AppStore|iPhone.ActiveCfg = Release|Any CPU
		{0C844DB7-A047-4997-8863-07A5DE490220}.AppStore|iPhoneSimulator.ActiveCfg = Release|Any CPU
		{0C844DB7-A047-4997-8863-07A5DE490220}.AppStore|Mixed Platforms.ActiveCfg = Release|Any CPU
		{0C844DB7-A047-4997-8863-07A5DE490220}.AppStore|Mixed Platforms.Build.0 = Release|Any CPU
		{0C844DB7-A047-4997-8863-07A5DE490220}.AppStore|x86.ActiveCfg = Release|Any CPU
		{0C844DB7-A047-4997-8863-07A5DE490220}.Debug|Any CPU.ActiveCfg = Debug|Any CPU
		{0C844DB7-A047-4997-8863-07A5DE490220}.Debug|Any CPU.Build.0 = Debug|Any CPU
		{0C844DB7-A047-4997-8863-07A5DE490220}.Debug|ARM.ActiveCfg = Debug|Any CPU
		{0C844DB7-A047-4997-8863-07A5DE490220}.Debug|iPhone.ActiveCfg = Debug|Any CPU
		{0C844DB7-A047-4997-8863-07A5DE490220}.Debug|iPhoneSimulator.ActiveCfg = Debug|Any CPU
		{0C844DB7-A047-4997-8863-07A5DE490220}.Debug|Mixed Platforms.ActiveCfg = Debug|Any CPU
		{0C844DB7-A047-4997-8863-07A5DE490220}.Debug|Mixed Platforms.Build.0 = Debug|Any CPU
		{0C844DB7-A047-4997-8863-07A5DE490220}.Debug|x86.ActiveCfg = Debug|Any CPU
		{0C844DB7-A047-4997-8863-07A5DE490220}.Release|Any CPU.ActiveCfg = Release|Any CPU
		{0C844DB7-A047-4997-8863-07A5DE490220}.Release|Any CPU.Build.0 = Release|Any CPU
		{0C844DB7-A047-4997-8863-07A5DE490220}.Release|ARM.ActiveCfg = Release|Any CPU
		{0C844DB7-A047-4997-8863-07A5DE490220}.Release|iPhone.ActiveCfg = Release|Any CPU
		{0C844DB7-A047-4997-8863-07A5DE490220}.Release|iPhoneSimulator.ActiveCfg = Release|Any CPU
		{0C844DB7-A047-4997-8863-07A5DE490220}.Release|Mixed Platforms.ActiveCfg = Release|Any CPU
		{0C844DB7-A047-4997-8863-07A5DE490220}.Release|Mixed Platforms.Build.0 = Release|Any CPU
		{0C844DB7-A047-4997-8863-07A5DE490220}.Release|x86.ActiveCfg = Release|Any CPU
		{38275FE7-2B72-402F-82FD-AE6D9EB17D25}.Ad-Hoc|Any CPU.ActiveCfg = Release|Any CPU
		{38275FE7-2B72-402F-82FD-AE6D9EB17D25}.Ad-Hoc|Any CPU.Build.0 = Release|Any CPU
		{38275FE7-2B72-402F-82FD-AE6D9EB17D25}.Ad-Hoc|Any CPU.Deploy.0 = Release|Any CPU
		{38275FE7-2B72-402F-82FD-AE6D9EB17D25}.Ad-Hoc|ARM.ActiveCfg = Release|ARM
		{38275FE7-2B72-402F-82FD-AE6D9EB17D25}.Ad-Hoc|ARM.Build.0 = Release|ARM
		{38275FE7-2B72-402F-82FD-AE6D9EB17D25}.Ad-Hoc|ARM.Deploy.0 = Release|ARM
		{38275FE7-2B72-402F-82FD-AE6D9EB17D25}.Ad-Hoc|iPhone.ActiveCfg = Release|Any CPU
		{38275FE7-2B72-402F-82FD-AE6D9EB17D25}.Ad-Hoc|iPhoneSimulator.ActiveCfg = Release|Any CPU
		{38275FE7-2B72-402F-82FD-AE6D9EB17D25}.Ad-Hoc|Mixed Platforms.ActiveCfg = Release|x86
		{38275FE7-2B72-402F-82FD-AE6D9EB17D25}.Ad-Hoc|Mixed Platforms.Build.0 = Release|x86
		{38275FE7-2B72-402F-82FD-AE6D9EB17D25}.Ad-Hoc|Mixed Platforms.Deploy.0 = Release|x86
		{38275FE7-2B72-402F-82FD-AE6D9EB17D25}.Ad-Hoc|x86.ActiveCfg = Release|x86
		{38275FE7-2B72-402F-82FD-AE6D9EB17D25}.Ad-Hoc|x86.Build.0 = Release|x86
		{38275FE7-2B72-402F-82FD-AE6D9EB17D25}.Ad-Hoc|x86.Deploy.0 = Release|x86
		{38275FE7-2B72-402F-82FD-AE6D9EB17D25}.AppStore|Any CPU.ActiveCfg = Release|Any CPU
		{38275FE7-2B72-402F-82FD-AE6D9EB17D25}.AppStore|Any CPU.Build.0 = Release|Any CPU
		{38275FE7-2B72-402F-82FD-AE6D9EB17D25}.AppStore|Any CPU.Deploy.0 = Release|Any CPU
		{38275FE7-2B72-402F-82FD-AE6D9EB17D25}.AppStore|ARM.ActiveCfg = Release|ARM
		{38275FE7-2B72-402F-82FD-AE6D9EB17D25}.AppStore|ARM.Build.0 = Release|ARM
		{38275FE7-2B72-402F-82FD-AE6D9EB17D25}.AppStore|ARM.Deploy.0 = Release|ARM
		{38275FE7-2B72-402F-82FD-AE6D9EB17D25}.AppStore|iPhone.ActiveCfg = Release|Any CPU
		{38275FE7-2B72-402F-82FD-AE6D9EB17D25}.AppStore|iPhoneSimulator.ActiveCfg = Release|Any CPU
		{38275FE7-2B72-402F-82FD-AE6D9EB17D25}.AppStore|Mixed Platforms.ActiveCfg = Release|x86
		{38275FE7-2B72-402F-82FD-AE6D9EB17D25}.AppStore|Mixed Platforms.Build.0 = Release|x86
		{38275FE7-2B72-402F-82FD-AE6D9EB17D25}.AppStore|Mixed Platforms.Deploy.0 = Release|x86
		{38275FE7-2B72-402F-82FD-AE6D9EB17D25}.AppStore|x86.ActiveCfg = Release|x86
		{38275FE7-2B72-402F-82FD-AE6D9EB17D25}.AppStore|x86.Build.0 = Release|x86
		{38275FE7-2B72-402F-82FD-AE6D9EB17D25}.AppStore|x86.Deploy.0 = Release|x86
		{38275FE7-2B72-402F-82FD-AE6D9EB17D25}.Debug|Any CPU.ActiveCfg = Debug|Any CPU
		{38275FE7-2B72-402F-82FD-AE6D9EB17D25}.Debug|Any CPU.Build.0 = Debug|Any CPU
		{38275FE7-2B72-402F-82FD-AE6D9EB17D25}.Debug|Any CPU.Deploy.0 = Debug|Any CPU
		{38275FE7-2B72-402F-82FD-AE6D9EB17D25}.Debug|ARM.ActiveCfg = Debug|ARM
		{38275FE7-2B72-402F-82FD-AE6D9EB17D25}.Debug|ARM.Build.0 = Debug|ARM
		{38275FE7-2B72-402F-82FD-AE6D9EB17D25}.Debug|ARM.Deploy.0 = Debug|ARM
		{38275FE7-2B72-402F-82FD-AE6D9EB17D25}.Debug|iPhone.ActiveCfg = Debug|Any CPU
		{38275FE7-2B72-402F-82FD-AE6D9EB17D25}.Debug|iPhoneSimulator.ActiveCfg = Debug|Any CPU
		{38275FE7-2B72-402F-82FD-AE6D9EB17D25}.Debug|Mixed Platforms.ActiveCfg = Debug|x86
		{38275FE7-2B72-402F-82FD-AE6D9EB17D25}.Debug|Mixed Platforms.Build.0 = Debug|x86
		{38275FE7-2B72-402F-82FD-AE6D9EB17D25}.Debug|Mixed Platforms.Deploy.0 = Debug|x86
		{38275FE7-2B72-402F-82FD-AE6D9EB17D25}.Debug|x86.ActiveCfg = Debug|x86
		{38275FE7-2B72-402F-82FD-AE6D9EB17D25}.Debug|x86.Build.0 = Debug|x86
		{38275FE7-2B72-402F-82FD-AE6D9EB17D25}.Debug|x86.Deploy.0 = Debug|x86
		{38275FE7-2B72-402F-82FD-AE6D9EB17D25}.Release|Any CPU.ActiveCfg = Release|Any CPU
		{38275FE7-2B72-402F-82FD-AE6D9EB17D25}.Release|Any CPU.Build.0 = Release|Any CPU
		{38275FE7-2B72-402F-82FD-AE6D9EB17D25}.Release|Any CPU.Deploy.0 = Release|Any CPU
		{38275FE7-2B72-402F-82FD-AE6D9EB17D25}.Release|ARM.ActiveCfg = Release|ARM
		{38275FE7-2B72-402F-82FD-AE6D9EB17D25}.Release|ARM.Build.0 = Release|ARM
		{38275FE7-2B72-402F-82FD-AE6D9EB17D25}.Release|ARM.Deploy.0 = Release|ARM
		{38275FE7-2B72-402F-82FD-AE6D9EB17D25}.Release|iPhone.ActiveCfg = Release|Any CPU
		{38275FE7-2B72-402F-82FD-AE6D9EB17D25}.Release|iPhoneSimulator.ActiveCfg = Release|Any CPU
		{38275FE7-2B72-402F-82FD-AE6D9EB17D25}.Release|Mixed Platforms.ActiveCfg = Release|x86
		{38275FE7-2B72-402F-82FD-AE6D9EB17D25}.Release|Mixed Platforms.Build.0 = Release|x86
		{38275FE7-2B72-402F-82FD-AE6D9EB17D25}.Release|Mixed Platforms.Deploy.0 = Release|x86
		{38275FE7-2B72-402F-82FD-AE6D9EB17D25}.Release|x86.ActiveCfg = Release|x86
		{38275FE7-2B72-402F-82FD-AE6D9EB17D25}.Release|x86.Build.0 = Release|x86
		{38275FE7-2B72-402F-82FD-AE6D9EB17D25}.Release|x86.Deploy.0 = Release|x86
		{B6D4F934-A0D5-437D-8274-EB0683B2F461}.Ad-Hoc|Any CPU.ActiveCfg = Release|Any CPU
		{B6D4F934-A0D5-437D-8274-EB0683B2F461}.Ad-Hoc|Any CPU.Build.0 = Release|Any CPU
		{B6D4F934-A0D5-437D-8274-EB0683B2F461}.Ad-Hoc|ARM.ActiveCfg = Release|Any CPU
		{B6D4F934-A0D5-437D-8274-EB0683B2F461}.Ad-Hoc|iPhone.ActiveCfg = Release|Any CPU
		{B6D4F934-A0D5-437D-8274-EB0683B2F461}.Ad-Hoc|iPhoneSimulator.ActiveCfg = Release|Any CPU
		{B6D4F934-A0D5-437D-8274-EB0683B2F461}.Ad-Hoc|Mixed Platforms.ActiveCfg = Release|Any CPU
		{B6D4F934-A0D5-437D-8274-EB0683B2F461}.Ad-Hoc|Mixed Platforms.Build.0 = Release|Any CPU
		{B6D4F934-A0D5-437D-8274-EB0683B2F461}.Ad-Hoc|x86.ActiveCfg = Release|Any CPU
		{B6D4F934-A0D5-437D-8274-EB0683B2F461}.AppStore|Any CPU.ActiveCfg = Release|Any CPU
		{B6D4F934-A0D5-437D-8274-EB0683B2F461}.AppStore|Any CPU.Build.0 = Release|Any CPU
		{B6D4F934-A0D5-437D-8274-EB0683B2F461}.AppStore|ARM.ActiveCfg = Release|Any CPU
		{B6D4F934-A0D5-437D-8274-EB0683B2F461}.AppStore|iPhone.ActiveCfg = Release|Any CPU
		{B6D4F934-A0D5-437D-8274-EB0683B2F461}.AppStore|iPhoneSimulator.ActiveCfg = Release|Any CPU
		{B6D4F934-A0D5-437D-8274-EB0683B2F461}.AppStore|Mixed Platforms.ActiveCfg = Release|Any CPU
		{B6D4F934-A0D5-437D-8274-EB0683B2F461}.AppStore|Mixed Platforms.Build.0 = Release|Any CPU
		{B6D4F934-A0D5-437D-8274-EB0683B2F461}.AppStore|x86.ActiveCfg = Release|Any CPU
		{B6D4F934-A0D5-437D-8274-EB0683B2F461}.Debug|Any CPU.ActiveCfg = Debug|Any CPU
		{B6D4F934-A0D5-437D-8274-EB0683B2F461}.Debug|Any CPU.Build.0 = Debug|Any CPU
		{B6D4F934-A0D5-437D-8274-EB0683B2F461}.Debug|ARM.ActiveCfg = Debug|Any CPU
		{B6D4F934-A0D5-437D-8274-EB0683B2F461}.Debug|iPhone.ActiveCfg = Debug|Any CPU
		{B6D4F934-A0D5-437D-8274-EB0683B2F461}.Debug|iPhoneSimulator.ActiveCfg = Debug|Any CPU
		{B6D4F934-A0D5-437D-8274-EB0683B2F461}.Debug|iPhoneSimulator.Build.0 = Debug|Any CPU
		{B6D4F934-A0D5-437D-8274-EB0683B2F461}.Debug|Mixed Platforms.ActiveCfg = Debug|Any CPU
		{B6D4F934-A0D5-437D-8274-EB0683B2F461}.Debug|Mixed Platforms.Build.0 = Debug|Any CPU
		{B6D4F934-A0D5-437D-8274-EB0683B2F461}.Debug|x86.ActiveCfg = Debug|Any CPU
		{B6D4F934-A0D5-437D-8274-EB0683B2F461}.Release|Any CPU.ActiveCfg = Release|Any CPU
		{B6D4F934-A0D5-437D-8274-EB0683B2F461}.Release|Any CPU.Build.0 = Release|Any CPU
		{B6D4F934-A0D5-437D-8274-EB0683B2F461}.Release|ARM.ActiveCfg = Release|Any CPU
		{B6D4F934-A0D5-437D-8274-EB0683B2F461}.Release|iPhone.ActiveCfg = Release|Any CPU
		{B6D4F934-A0D5-437D-8274-EB0683B2F461}.Release|iPhoneSimulator.ActiveCfg = Release|Any CPU
		{B6D4F934-A0D5-437D-8274-EB0683B2F461}.Release|Mixed Platforms.ActiveCfg = Release|Any CPU
		{B6D4F934-A0D5-437D-8274-EB0683B2F461}.Release|Mixed Platforms.Build.0 = Release|Any CPU
		{B6D4F934-A0D5-437D-8274-EB0683B2F461}.Release|x86.ActiveCfg = Release|Any CPU
		{E59F7C15-A5FF-4212-A195-E1B02EB5EDD8}.Ad-Hoc|Any CPU.ActiveCfg = Ad-Hoc|iPhone
		{E59F7C15-A5FF-4212-A195-E1B02EB5EDD8}.Ad-Hoc|ARM.ActiveCfg = Ad-Hoc|iPhone
		{E59F7C15-A5FF-4212-A195-E1B02EB5EDD8}.Ad-Hoc|iPhone.ActiveCfg = Ad-Hoc|iPhone
		{E59F7C15-A5FF-4212-A195-E1B02EB5EDD8}.Ad-Hoc|iPhone.Build.0 = Ad-Hoc|iPhone
		{E59F7C15-A5FF-4212-A195-E1B02EB5EDD8}.Ad-Hoc|iPhoneSimulator.ActiveCfg = Ad-Hoc|iPhoneSimulator
		{E59F7C15-A5FF-4212-A195-E1B02EB5EDD8}.Ad-Hoc|iPhoneSimulator.Build.0 = Ad-Hoc|iPhoneSimulator
		{E59F7C15-A5FF-4212-A195-E1B02EB5EDD8}.Ad-Hoc|Mixed Platforms.ActiveCfg = Ad-Hoc|iPhone
		{E59F7C15-A5FF-4212-A195-E1B02EB5EDD8}.Ad-Hoc|Mixed Platforms.Build.0 = Ad-Hoc|iPhone
		{E59F7C15-A5FF-4212-A195-E1B02EB5EDD8}.Ad-Hoc|x86.ActiveCfg = Ad-Hoc|iPhone
		{E59F7C15-A5FF-4212-A195-E1B02EB5EDD8}.AppStore|Any CPU.ActiveCfg = AppStore|iPhone
		{E59F7C15-A5FF-4212-A195-E1B02EB5EDD8}.AppStore|ARM.ActiveCfg = AppStore|iPhone
		{E59F7C15-A5FF-4212-A195-E1B02EB5EDD8}.AppStore|iPhone.ActiveCfg = AppStore|iPhone
		{E59F7C15-A5FF-4212-A195-E1B02EB5EDD8}.AppStore|iPhone.Build.0 = AppStore|iPhone
		{E59F7C15-A5FF-4212-A195-E1B02EB5EDD8}.AppStore|iPhoneSimulator.ActiveCfg = AppStore|iPhoneSimulator
		{E59F7C15-A5FF-4212-A195-E1B02EB5EDD8}.AppStore|iPhoneSimulator.Build.0 = AppStore|iPhoneSimulator
		{E59F7C15-A5FF-4212-A195-E1B02EB5EDD8}.AppStore|Mixed Platforms.ActiveCfg = AppStore|iPhone
		{E59F7C15-A5FF-4212-A195-E1B02EB5EDD8}.AppStore|Mixed Platforms.Build.0 = AppStore|iPhone
		{E59F7C15-A5FF-4212-A195-E1B02EB5EDD8}.AppStore|x86.ActiveCfg = AppStore|iPhone
		{E59F7C15-A5FF-4212-A195-E1B02EB5EDD8}.Debug|Any CPU.ActiveCfg = Debug|iPhone
		{E59F7C15-A5FF-4212-A195-E1B02EB5EDD8}.Debug|ARM.ActiveCfg = Debug|iPhone
		{E59F7C15-A5FF-4212-A195-E1B02EB5EDD8}.Debug|iPhone.ActiveCfg = Debug|iPhone
		{E59F7C15-A5FF-4212-A195-E1B02EB5EDD8}.Debug|iPhone.Build.0 = Debug|iPhone
		{E59F7C15-A5FF-4212-A195-E1B02EB5EDD8}.Debug|iPhoneSimulator.ActiveCfg = Debug|iPhoneSimulator
		{E59F7C15-A5FF-4212-A195-E1B02EB5EDD8}.Debug|iPhoneSimulator.Build.0 = Debug|iPhoneSimulator
		{E59F7C15-A5FF-4212-A195-E1B02EB5EDD8}.Debug|Mixed Platforms.ActiveCfg = Debug|iPhone
		{E59F7C15-A5FF-4212-A195-E1B02EB5EDD8}.Debug|Mixed Platforms.Build.0 = Debug|iPhone
		{E59F7C15-A5FF-4212-A195-E1B02EB5EDD8}.Debug|x86.ActiveCfg = Debug|iPhone
		{E59F7C15-A5FF-4212-A195-E1B02EB5EDD8}.Release|Any CPU.ActiveCfg = Release|iPhone
		{E59F7C15-A5FF-4212-A195-E1B02EB5EDD8}.Release|ARM.ActiveCfg = Release|iPhone
		{E59F7C15-A5FF-4212-A195-E1B02EB5EDD8}.Release|iPhone.ActiveCfg = Release|iPhone
		{E59F7C15-A5FF-4212-A195-E1B02EB5EDD8}.Release|iPhone.Build.0 = Release|iPhone
		{E59F7C15-A5FF-4212-A195-E1B02EB5EDD8}.Release|iPhoneSimulator.ActiveCfg = Release|iPhoneSimulator
		{E59F7C15-A5FF-4212-A195-E1B02EB5EDD8}.Release|iPhoneSimulator.Build.0 = Release|iPhoneSimulator
		{E59F7C15-A5FF-4212-A195-E1B02EB5EDD8}.Release|Mixed Platforms.ActiveCfg = Release|iPhone
		{E59F7C15-A5FF-4212-A195-E1B02EB5EDD8}.Release|Mixed Platforms.Build.0 = Release|iPhone
		{E59F7C15-A5FF-4212-A195-E1B02EB5EDD8}.Release|x86.ActiveCfg = Release|iPhone
	EndGlobalSection
	GlobalSection(SolutionProperties) = preSolution
		HideSolutionNode = FALSE
	EndGlobalSection
EndGlobal
